
Microsoft Visual Studio Solution File, Format Version 12.00
# Visual Studio Version 16
VisualStudioVersion = 16.0.32929.386
MinimumVisualStudioVersion = 10.0.40219.1
Project("{FAE04EC0-301F-11D3-BF4B-00C04F79EFBC}") = "Demo.PL", "Demo.PL\Demo.PL.csproj", "{EDD02B23-2B95-4D10-8496-89DC59168F2C}"
EndProject
Project("{FAE04EC0-301F-11D3-BF4B-00C04F79EFBC}") = "Demo.BLL", "Demo.BLL\Demo.BLL.csproj", "{48C23B73-9D0E-40B8-A3ED-17DE4409B4B8}"
EndProject
Project("{FAE04EC0-301F-11D3-BF4B-00C04F79EFBC}") = "Demo.DAL", "Demo.DAL\Demo.DAL.csproj", "{8F484405-F3CB-481C-9C11-02EC00F30D14}"
EndProject
Global
	GlobalSection(SolutionConfigurationPlatforms) = preSolution
		Debug|Any CPU = Debug|Any CPU
		Release|Any CPU = Release|Any CPU
	EndGlobalSection
	GlobalSection(ProjectConfigurationPlatforms) = postSolution
		{EDD02B23-2B95-4D10-8496-89DC59168F2C}.Debug|Any CPU.ActiveCfg = Debug|Any CPU
		{EDD02B23-2B95-4D10-8496-89DC59168F2C}.Debug|Any CPU.Build.0 = Debug|Any CPU
		{EDD02B23-2B95-4D10-8496-89DC59168F2C}.Release|Any CPU.ActiveCfg = Release|Any CPU
		{EDD02B23-2B95-4D10-8496-89DC59168F2C}.Release|Any CPU.Build.0 = Release|Any CPU
		{48C23B73-9D0E-40B8-A3ED-17DE4409B4B8}.Debug|Any CPU.ActiveCfg = Debug|Any CPU
		{48C23B73-9D0E-40B8-A3ED-17DE4409B4B8}.Debug|Any CPU.Build.0 = Debug|Any CPU
		{48C23B73-9D0E-40B8-A3ED-17DE4409B4B8}.Release|Any CPU.ActiveCfg = Release|Any CPU
		{48C23B73-9D0E-40B8-A3ED-17DE4409B4B8}.Release|Any CPU.Build.0 = Release|Any CPU
		{8F484405-F3CB-481C-9C11-02EC00F30D14}.Debug|Any CPU.ActiveCfg = Debug|Any CPU
		{8F484405-F3CB-481C-9C11-02EC00F30D14}.Debug|Any CPU.Build.0 = Debug|Any CPU
		{8F484405-F3CB-481C-9C11-02EC00F30D14}.Release|Any CPU.ActiveCfg = Release|Any CPU
		{8F484405-F3CB-481C-9C11-02EC00F30D14}.Release|Any CPU.Build.0 = Release|Any CPU
	EndGlobalSection
	GlobalSection(SolutionProperties) = preSolution
		HideSolutionNode = FALSE
	EndGlobalSection
	GlobalSection(ExtensibilityGlobals) = postSolution
		SolutionGuid = {8D3A7789-5486-43F9-8472-E70A2FC575BF}
	EndGlobalSection
EndGlobal
